// !$*UTF8*$!
{
	archiveVersion = 1;
	classes = {
	};
	objectVersion = 77;
	objects = {

/* Begin PBXBuildFile section */
		D30D7E1A2FC3198B002687AB /* TMDBConfig.swift in Sources */ = {isa = PBXBuildFile; fileRef = D30D7E192FC3198B002687AB /* TMDBConfig.swift */; };
		D30D7E1C2FC3198B002687AB /* TMDBModels.swift in Sources */ = {isa = PBXBuildFile; fileRef = D30D7E1B2FC3198B002687AB /* TMDBModels.swift */; };
		D30D7E1E2FC3198B002687AB /* TMDBService.swift in Sources */ = {isa = PBXBuildFile; fileRef = D30D7E1D2FC3198B002687AB /* TMDBService.swift */; };
		D30D7E202FC3198B002687AB /* SearchViewModel.swift in Sources */ = {isa = PBXBuildFile; fileRef = D30D7E1F2FC3198B002687AB /* SearchViewModel.swift */; };
		D30D7E282FC32573002687AB /* NightFlixStyle.swift in Sources */ = {isa = PBXBuildFile; fileRef = D30D7E272FC32573002687AB /* NightFlixStyle.swift */; };
		D30D7E2A2FC32573002687AB /* MainTabView.swift in Sources */ = {isa = PBXBuildFile; fileRef = D30D7E292FC32573002687AB /* MainTabView.swift */; };
		D30D7E2C2FC325B8002687AB /* FeedViewModel.swift in Sources */ = {isa = PBXBuildFile; fileRef = D30D7E2B2FC325B8002687AB /* FeedViewModel.swift */; };
		D30D7E2E2FC32603002687AB /* SearchView.swift in Sources */ = {isa = PBXBuildFile; fileRef = D30D7E2D2FC32603002687AB /* SearchView.swift */; };
		D30D7E302FC32603002687AB /* AboutView.swift in Sources */ = {isa = PBXBuildFile; fileRef = D30D7E2F2FC32603002687AB /* AboutView.swift */; };
		D30D7E322FC32635002687AB /* FeedView.swift in Sources */ = {isa = PBXBuildFile; fileRef = D30D7E312FC32635002687AB /* FeedView.swift */; };
		D30D7E342FC32CB6002687AB /* SeasonEpisodeViewModel.swift in Sources */ = {isa = PBXBuildFile; fileRef = D30D7E332FC32CB6002687AB /* SeasonEpisodeViewModel.swift */; };
		D30D7E362FC32CE7002687AB /* SeriesDetailView.swift in Sources */ = {isa = PBXBuildFile; fileRef = D30D7E352FC32CE7002687AB /* SeriesDetailView.swift */; };
		D30E74FA2FC6275C001F757F /* MyListView.swift in Sources */ = {isa = PBXBuildFile; fileRef = D30E74EB2FC6275C001F757F /* MyListView.swift */; };
		D30E75012FC6367F001F757F /* LaunchScreen.storyboard in Resources */ = {isa = PBXBuildFile; fileRef = D30E75002FC6367F001F757F /* LaunchScreen.storyboard */; };
		D3145AC82FC37B3400C4C886 /* HapticManager.swift in Sources */ = {isa = PBXBuildFile; fileRef = D3145AC72FC37B3400C4C886 /* HapticManager.swift */; };
		D3145ACA2FC37B4100C4C886 /* ScrollHapticPreferenceKey.swift in Sources */ = {isa = PBXBuildFile; fileRef = D3145AC92FC37B4100C4C886 /* ScrollHapticPreferenceKey.swift */; };
		D33CBF0A2FC402640029763A /* HeroBannerView.swift in Sources */ = {isa = PBXBuildFile; fileRef = D33CBF092FC402640029763A /* HeroBannerView.swift */; };
		D33CBF0C2FC4027C0029763A /* MediaDetailView.swift in Sources */ = {isa = PBXBuildFile; fileRef = D33CBF0B2FC4027C0029763A /* MediaDetailView.swift */; };
		D36A12A52FCB100100000001 /* SectionHeaderView.swift in Sources */ = {isa = PBXBuildFile; fileRef = D36A12A42FCB100100000001 /* SectionHeaderView.swift */; };
		D38D7DBC2FC314470050B9DF /* WatchItem.swift in Sources */ = {isa = PBXBuildFile; fileRef = D38D7DBB2FC314470050B9DF /* WatchItem.swift */; };
		D38D7DBE2FC314470050B9DF /* WatchHistoryManager.swift in Sources */ = {isa = PBXBuildFile; fileRef = D38D7DBD2FC314470050B9DF /* WatchHistoryManager.swift */; };
		D38D7DC02FC314480050B9DF /* WebView.swift in Sources */ = {isa = PBXBuildFile; fileRef = D38D7DBF2FC314480050B9DF /* WebView.swift */; };
		D38D7DC22FC314480050B9DF /* PlayerView.swift in Sources */ = {isa = PBXBuildFile; fileRef = D38D7DC12FC314480050B9DF /* PlayerView.swift */; };
/* End PBXBuildFile section */

/* Begin PBXFileReference section */
		D30D7E192FC3198B002687AB /* TMDBConfig.swift */ = {isa = PBXFileReference; lastKnownFileType = sourcecode.swift; path = TMDBConfig.swift; sourceTree = "<group>"; };
		D30D7E1B2FC3198B002687AB /* TMDBModels.swift */ = {isa = PBXFileReference; lastKnownFileType = sourcecode.swift; path = TMDBModels.swift; sourceTree = "<group>"; };
		D30D7E1D2FC3198B002687AB /* TMDBService.swift */ = {isa = PBXFileReference; lastKnownFileType = sourcecode.swift; path = TMDBService.swift; sourceTree = "<group>"; };
		D30D7E1F2FC3198B002687AB /* SearchViewModel.swift */ = {isa = PBXFileReference; lastKnownFileType = sourcecode.swift; path = SearchViewModel.swift; sourceTree = "<group>"; };
		D30D7E272FC32573002687AB /* NightFlixStyle.swift */ = {isa = PBXFileReference; lastKnownFileType = sourcecode.swift; path = NightFlixStyle.swift; sourceTree = "<group>"; };
		D30D7E292FC32573002687AB /* MainTabView.swift */ = {isa = PBXFileReference; lastKnownFileType = sourcecode.swift; path = MainTabView.swift; sourceTree = "<group>"; };
		D30D7E2B2FC325B8002687AB /* FeedViewModel.swift */ = {isa = PBXFileReference; lastKnownFileType = sourcecode.swift; path = FeedViewModel.swift; sourceTree = "<group>"; };
		D30D7E2D2FC32603002687AB /* SearchView.swift */ = {isa = PBXFileReference; lastKnownFileType = sourcecode.swift; path = SearchView.swift; sourceTree = "<group>"; };
		D30D7E2F2FC32603002687AB /* AboutView.swift */ = {isa = PBXFileReference; lastKnownFileType = sourcecode.swift; path = AboutView.swift; sourceTree = "<group>"; };
		D30D7E312FC32635002687AB /* FeedView.swift */ = {isa = PBXFileReference; lastKnownFileType = sourcecode.swift; path = FeedView.swift; sourceTree = "<group>"; };
		D30D7E332FC32CB6002687AB /* SeasonEpisodeViewModel.swift */ = {isa = PBXFileReference; lastKnownFileType = sourcecode.swift; path = SeasonEpisodeViewModel.swift; sourceTree = "<group>"; };
		D30D7E352FC32CE7002687AB /* SeriesDetailView.swift */ = {isa = PBXFileReference; lastKnownFileType = sourcecode.swift; path = SeriesDetailView.swift; sourceTree = "<group>"; };
		D30E74EB2FC6275C001F757F /* MyListView.swift */ = {isa = PBXFileReference; lastKnownFileType = sourcecode.swift; path = MyListView.swift; sourceTree = "<group>"; };
		D30E75002FC6367F001F757F /* LaunchScreen.storyboard */ = {isa = PBXFileReference; lastKnownFileType = file.storyboard; path = LaunchScreen.storyboard; sourceTree = "<group>"; };
		D3145AC72FC37B3400C4C886 /* HapticManager.swift */ = {isa = PBXFileReference; lastKnownFileType = sourcecode.swift; path = HapticManager.swift; sourceTree = "<group>"; };
		D3145AC92FC37B4100C4C886 /* ScrollHapticPreferenceKey.swift */ = {isa = PBXFileReference; lastKnownFileType = sourcecode.swift; path = ScrollHapticPreferenceKey.swift; sourceTree = "<group>"; };
		D330C4FB2FC313950074B506 /* NightFlix.app */ = {isa = PBXFileReference; explicitFileType = wrapper.application; includeInIndex = 0; path = NightFlix.app; sourceTree = BUILT_PRODUCTS_DIR; };
		D33CBF092FC402640029763A /* HeroBannerView.swift */ = {isa = PBXFileReference; lastKnownFileType = sourcecode.swift; path = HeroBannerView.swift; sourceTree = "<group>"; };
		D33CBF0B2FC4027C0029763A /* MediaDetailView.swift */ = {isa = PBXFileReference; lastKnownFileType = sourcecode.swift; path = MediaDetailView.swift; sourceTree = "<group>"; };
		D36A12A42FCB100100000001 /* SectionHeaderView.swift */ = {isa = PBXFileReference; lastKnownFileType = sourcecode.swift; path = SectionHeaderView.swift; sourceTree = "<group>"; };
		D38D7DBB2FC314470050B9DF /* WatchItem.swift */ = {isa = PBXFileReference; lastKnownFileType = sourcecode.swift; path = WatchItem.swift; sourceTree = "<group>"; };
		D38D7DBD2FC314470050B9DF /* WatchHistoryManager.swift */ = {isa = PBXFileReference; lastKnownFileType = sourcecode.swift; path = WatchHistoryManager.swift; sourceTree = "<group>"; };
		D38D7DBF2FC314480050B9DF /* WebView.swift */ = {isa = PBXFileReference; lastKnownFileType = sourcecode.swift; path = WebView.swift; sourceTree = "<group>"; };
		D38D7DC12FC314480050B9DF /* PlayerView.swift */ = {isa = PBXFileReference; lastKnownFileType = sourcecode.swift; path = PlayerView.swift; sourceTree = "<group>"; };
/* End PBXFileReference section */

/* Begin PBXFileSystemSynchronizedRootGroup section */
		D330C4FD2FC313950074B506 /* NightFlix */ = {
			isa = PBXFileSystemSynchronizedRootGroup;
			path = NightFlix;
			sourceTree = "<group>";
		};
/* End PBXFileSystemSynchronizedRootGroup section */

/* Begin PBXFrameworksBuildPhase section */
		D330C4F82FC313950074B506 /* Frameworks */ = {
			isa = PBXFrameworksBuildPhase;
			buildActionMask = 2147483647;
			files = (
			);
			runOnlyForDeploymentPostprocessing = 0;
		};
/* End PBXFrameworksBuildPhase section */

/* Begin PBXGroup section */
		D330C4F22FC313950074B506 = {
			isa = PBXGroup;
			children = (
				D30E75002FC6367F001F757F /* LaunchScreen.storyboard */,
				D330C4FD2FC313950074B506 /* NightFlix */,
				D330C4FC2FC313950074B506 /* Products */,
				D38D7DBB2FC314470050B9DF /* WatchItem.swift */,
				D38D7DBD2FC314470050B9DF /* WatchHistoryManager.swift */,
				D38D7DBF2FC314480050B9DF /* WebView.swift */,
				D30E74EB2FC6275C001F757F /* MyListView.swift */,
				D38D7DC12FC314480050B9DF /* PlayerView.swift */,
				D30D7E192FC3198B002687AB /* TMDBConfig.swift */,
				D30D7E1B2FC3198B002687AB /* TMDBModels.swift */,
				D30D7E1D2FC3198B002687AB /* TMDBService.swift */,
				D30D7E1F2FC3198B002687AB /* SearchViewModel.swift */,
				D30D7E272FC32573002687AB /* NightFlixStyle.swift */,
				D30D7E292FC32573002687AB /* MainTabView.swift */,
				D30D7E2B2FC325B8002687AB /* FeedViewModel.swift */,
				D30D7E2D2FC32603002687AB /* SearchView.swift */,
				D30D7E2F2FC32603002687AB /* AboutView.swift */,
				D30D7E312FC32635002687AB /* FeedView.swift */,
				D30D7E332FC32CB6002687AB /* SeasonEpisodeViewModel.swift */,
				D30D7E352FC32CE7002687AB /* SeriesDetailView.swift */,
				D3145AC72FC37B3400C4C886 /* HapticManager.swift */,
				D3145AC92FC37B4100C4C886 /* ScrollHapticPreferenceKey.swift */,
				D33CBF092FC402640029763A /* HeroBannerView.swift */,
				D33CBF0B2FC4027C0029763A /* MediaDetailView.swift */,
				D36A12A42FCB100100000001 /* SectionHeaderView.swift */,
			);
			sourceTree = "<group>";
		};
		D330C4FC2FC313950074B506 /* Products */ = {
			isa = PBXGroup;
			children = (
				D330C4FB2FC313950074B506 /* NightFlix.app */,
			);
			name = Products;
			sourceTree = "<group>";
		};
/* End PBXGroup section */

/* Begin PBXNativeTarget section */
		D330C4FA2FC313950074B506 /* NightFlix */ = {
			isa = PBXNativeTarget;
			buildConfigurationList = D330C5062FC313960074B506 /* Build configuration list for PBXNativeTarget "NightFlix" */;
			buildPhases = (
				D330C4F72FC313950074B506 /* Sources */,
				D330C4F82FC313950074B506 /* Frameworks */,
				D330C4F92FC313950074B506 /* Resources */,
			);
			buildRules = (
			);
			dependencies = (
			);
			fileSystemSynchronizedGroups = (
				D330C4FD2FC313950074B506 /* NightFlix */,
			);
			name = NightFlix;
			packageProductDependencies = (
			);
			productName = NightFlix;
			productReference = D330C4FB2FC313950074B506 /* NightFlix.app */;
			productType = "com.apple.product-type.application";
		};
/* End PBXNativeTarget section */

/* Begin PBXProject section */
		D330C4F32FC313950074B506 /* Project object */ = {
			isa = PBXProject;
			attributes = {
				BuildIndependentTargetsInParallel = 1;
				LastSwiftUpdateCheck = 2650;
				LastUpgradeCheck = 2650;
				TargetAttributes = {
					D330C4FA2FC313950074B506 = {
						CreatedOnToolsVersion = 26.5;
					};
				};
			};
			buildConfigurationList = D330C4F62FC313950074B506 /* Build configuration list for PBXProject "NightFlix" */;
			developmentRegion = en;
			hasScannedForEncodings = 0;
			knownRegions = (
				en,
				Base,
			);
			mainGroup = D330C4F22FC313950074B506;
			minimizedProjectReferenceProxies = 1;
			preferredProjectObjectVersion = 77;
			productRefGroup = D330C4FC2FC313950074B506 /* Products */;
			projectDirPath = "";
			projectRoot = "";
			targets = (
				D330C4FA2FC313950074B506 /* NightFlix */,
			);
		};
/* End PBXProject section */

/* Begin PBXResourcesBuildPhase section */
		D330C4F92FC313950074B506 /* Resources */ = {
			isa = PBXResourcesBuildPhase;
			buildActionMask = 2147483647;
			files = (
				D30E75012FC6367F001F757F /* LaunchScreen.storyboard in Resources */,
			);
			runOnlyForDeploymentPostprocessing = 0;
		};
/* End PBXResourcesBuildPhase section */

/* Begin PBXSourcesBuildPhase section */
		D330C4F72FC313950074B506 /* Sources */ = {
			isa = PBXSourcesBuildPhase;
			buildActionMask = 2147483647;
			files = (
				D30D7E1E2FC3198B002687AB /* TMDBService.swift in Sources */,
				D38D7DBE2FC314470050B9DF /* WatchHistoryManager.swift in Sources */,
				D30D7E342FC32CB6002687AB /* SeasonEpisodeViewModel.swift in Sources */,
				D30D7E302FC32603002687AB /* AboutView.swift in Sources */,
				D33CBF0A2FC402640029763A /* HeroBannerView.swift in Sources */,
				D30D7E362FC32CE7002687AB /* SeriesDetailView.swift in Sources */,
				D33CBF0C2FC4027C0029763A /* MediaDetailView.swift in Sources */,
				D30D7E282FC32573002687AB /* NightFlixStyle.swift in Sources */,
				D38D7DC02FC314480050B9DF /* WebView.swift in Sources */,
				D30E74FA2FC6275C001F757F /* MyListView.swift in Sources */,
				D38D7DC22FC314480050B9DF /* PlayerView.swift in Sources */,
				D30D7E322FC32635002687AB /* FeedView.swift in Sources */,
				D30D7E1A2FC3198B002687AB /* TMDBConfig.swift in Sources */,
				D38D7DBC2FC314470050B9DF /* WatchItem.swift in Sources */,
				D36A12A52FCB100100000001 /* SectionHeaderView.swift in Sources */,
				D30D7E202FC3198B002687AB /* SearchViewModel.swift in Sources */,
				D3145ACA2FC37B4100C4C886 /* ScrollHapticPreferenceKey.swift in Sources */,
				D3145AC82FC37B3400C4C886 /* HapticManager.swift in Sources */,
				D30D7E2E2FC32603002687AB /* SearchView.swift in Sources */,
				D30D7E1C2FC3198B002687AB /* TMDBModels.swift in Sources */,
				D30D7E2A2FC32573002687AB /* MainTabView.swift in Sources */,
				D30D7E2C2FC325B8002687AB /* FeedViewModel.swift in Sources */,
			);
			runOnlyForDeploymentPostprocessing = 0;
		};
/* End PBXSourcesBuildPhase section */

/* Begin XCBuildConfiguration section */
		D330C5042FC313960074B506 /* Debug */ = {
			isa = XCBuildConfiguration;
			buildSettings = {
				ALWAYS_SEARCH_USER_PATHS = NO;
				ASSETCATALOG_COMPILER_GENERATE_SWIFT_ASSET_SYMBOL_EXTENSIONS = YES;
				CLANG_ANALYZER_NONNULL = YES;
				CLANG_ANALYZER_NUMBER_OBJECT_CONVERSION = YES_AGGRESSIVE;
				CLANG_CXX_LANGUAGE_STANDARD = "gnu++20";
				CLANG_ENABLE_MODULES = YES;
				CLANG_ENABLE_OBJC_ARC = YES;
				CLANG_ENABLE_OBJC_WEAK = YES;
				CLANG_WARN_BLOCK_CAPTURE_AUTORELEASING = YES;
				CLANG_WARN_BOOL_CONVERSION = YES;
				CLANG_WARN_COMMA = YES;
				CLANG_WARN_CONSTANT_CONVERSION = YES;
				CLANG_WARN_DEPRECATED_OBJC_IMPLEMENTATIONS = YES;
				CLANG_WARN_DIRECT_OBJC_ISA_USAGE = YES_ERROR;
				CLANG_WARN_DOCUMENTATION_COMMENTS = YES;
				CLANG_WARN_EMPTY_BODY = YES;
				CLANG_WARN_ENUM_CONVERSION = YES;
				CLANG_WARN_INFINITE_RECURSION = YES;
				CLANG_WARN_INT_CONVERSION = YES;
				CLANG_WARN_NON_LITERAL_NULL_CONVERSION = YES;
				CLANG_WARN_OBJC_IMPLICIT_RETAIN_SELF = YES;
				CLANG_WARN_OBJC_LITERAL_CONVERSION = YES;
				CLANG_WARN_OBJC_ROOT_CLASS = YES_ERROR;
				CLANG_WARN_QUOTED_INCLUDE_IN_FRAMEWORK_HEADER = YES;
				CLANG_WARN_RANGE_LOOP_ANALYSIS = YES;
				CLANG_WARN_STRICT_PROTOTYPES = YES;
				CLANG_WARN_SUSPICIOUS_MOVE = YES;
				CLANG_WARN_UNGUARDED_AVAILABILITY = YES_AGGRESSIVE;
				CLANG_WARN_UNREACHABLE_CODE = YES;
				CLANG_WARN__DUPLICATE_METHOD_MATCH = YES;
				COPY_PHASE_STRIP = NO;
				DEBUG_INFORMATION_FORMAT = dwarf;
				DEVELOPMENT_TEAM = X53M69UJ7U;
				ENABLE_STRICT_OBJC_MSGSEND = YES;
				ENABLE_TESTABILITY = YES;
				ENABLE_USER_SCRIPT_SANDBOXING = YES;
				GCC_C_LANGUAGE_STANDARD = gnu17;
				GCC_DYNAMIC_NO_PIC = NO;
				GCC_NO_COMMON_BLOCKS = YES;
				GCC_OPTIMIZATION_LEVEL = 0;
				GCC_PREPROCESSOR_DEFINITIONS = (
					"DEBUG=1",
					"$(inherited)",
				);
				GCC_WARN_64_TO_32_BIT_CONVERSION = YES;
				GCC_WARN_ABOUT_RETURN_TYPE = YES_ERROR;
				GCC_WARN_UNDECLARED_SELECTOR = YES;
				GCC_WARN_UNINITIALIZED_AUTOS = YES_AGGRESSIVE;
				GCC_WARN_UNUSED_FUNCTION = YES;
				GCC_WARN_UNUSED_VARIABLE = YES;
				IPHONEOS_DEPLOYMENT_TARGET = 26.5;
				LOCALIZATION_PREFERS_STRING_CATALOGS = YES;
				MTL_ENABLE_DEBUG_INFO = INCLUDE_SOURCE;
				MTL_FAST_MATH = YES;
				ONLY_ACTIVE_ARCH = YES;
				SDKROOT = iphoneos;
				SWIFT_ACTIVE_COMPILATION_CONDITIONS = "DEBUG $(inherited)";
				SWIFT_OPTIMIZATION_LEVEL = "-Onone";
			};
			name = Debug;
		};
		D330C5052FC313960074B506 /* Release */ = {
			isa = XCBuildConfiguration;
			buildSettings = {
				ALWAYS_SEARCH_USER_PATHS = NO;
				ASSETCATALOG_COMPILER_GENERATE_SWIFT_ASSET_SYMBOL_EXTENSIONS = YES;
				CLANG_ANALYZER_NONNULL = YES;
				CLANG_ANALYZER_NUMBER_OBJECT_CONVERSION = YES_AGGRESSIVE;
				CLANG_CXX_LANGUAGE_STANDARD = "gnu++20";
				CLANG_ENABLE_MODULES = YES;
				CLANG_ENABLE_OBJC_ARC = YES;
				CLANG_ENABLE_OBJC_WEAK = YES;
				CLANG_WARN_BLOCK_CAPTURE_AUTORELEASING = YES;
				CLANG_WARN_BOOL_CONVERSION = YES;
				CLANG_WARN_COMMA = YES;
				CLANG_WARN_CONSTANT_CONVERSION = YES;
				CLANG_WARN_DEPRECATED_OBJC_IMPLEMENTATIONS = YES;
				CLANG_WARN_DIRECT_OBJC_ISA_USAGE = YES_ERROR;
				CLANG_WARN_DOCUMENTATION_COMMENTS = YES;
				CLANG_WARN_EMPTY_BODY = YES;
				CLANG_WARN_ENUM_CONVERSION = YES;
				CLANG_WARN_INFINITE_RECURSION = YES;
				CLANG_WARN_INT_CONVERSION = YES;
				CLANG_WARN_NON_LITERAL_NULL_CONVERSION = YES;
				CLANG_WARN_OBJC_IMPLICIT_RETAIN_SELF = YES;
				CLANG_WARN_OBJC_LITERAL_CONVERSION = YES;
				CLANG_WARN_OBJC_ROOT_CLASS = YES_ERROR;
				CLANG_WARN_QUOTED_INCLUDE_IN_FRAMEWORK_HEADER = YES;
				CLANG_WARN_RANGE_LOOP_ANALYSIS = YES;
				CLANG_WARN_STRICT_PROTOTYPES = YES;
				CLANG_WARN_SUSPICIOUS_MOVE = YES;
				CLANG_WARN_UNGUARDED_AVAILABILITY = YES_AGGRESSIVE;
				CLANG_WARN_UNREACHABLE_CODE = YES;
				CLANG_WARN__DUPLICATE_METHOD_MATCH = YES;
				COPY_PHASE_STRIP = NO;
				DEBUG_INFORMATION_FORMAT = "dwarf-with-dsym";
				DEVELOPMENT_TEAM = X53M69UJ7U;
				ENABLE_NS_ASSERTIONS = NO;
				ENABLE_STRICT_OBJC_MSGSEND = YES;
				ENABLE_USER_SCRIPT_SANDBOXING = YES;
				GCC_C_LANGUAGE_STANDARD = gnu17;
				GCC_NO_COMMON_BLOCKS = YES;
				GCC_WARN_64_TO_32_BIT_CONVERSION = YES;
				GCC_WARN_ABOUT_RETURN_TYPE = YES_ERROR;
				GCC_WARN_UNDECLARED_SELECTOR = YES;
				GCC_WARN_UNINITIALIZED_AUTOS = YES_AGGRESSIVE;
				GCC_WARN_UNUSED_FUNCTION = YES;
				GCC_WARN_UNUSED_VARIABLE = YES;
				IPHONEOS_DEPLOYMENT_TARGET = 26.5;
				LOCALIZATION_PREFERS_STRING_CATALOGS = YES;
				MTL_ENABLE_DEBUG_INFO = NO;
				MTL_FAST_MATH = YES;
				SDKROOT = iphoneos;
				SWIFT_COMPILATION_MODE = wholemodule;
				VALIDATE_PRODUCT = YES;
			};
			name = Release;
		};
		D330C5072FC313960074B506 /* Debug */ = {
			isa = XCBuildConfiguration;
			buildSettings = {
				ASSETCATALOG_COMPILER_APPICON_NAME = AppIcon;
				ASSETCATALOG_COMPILER_GLOBAL_ACCENT_COLOR_NAME = AccentColor;
				CODE_SIGN_IDENTITY = "Apple Development";
				CODE_SIGN_STYLE = Automatic;
				CURRENT_PROJECT_VERSION = 1;
				DEVELOPMENT_TEAM = X53M69UJ7U;
				ENABLE_PREVIEWS = YES;
				GENERATE_INFOPLIST_FILE = YES;
				INFOPLIST_KEY_CFBundleDisplayName = Nightflix;
				INFOPLIST_KEY_LSApplicationCategoryType = "public.app-category.entertainment";
				INFOPLIST_KEY_UIApplicationSceneManifest_Generation = YES;
				INFOPLIST_KEY_UIApplicationSupportsIndirectInputEvents = YES;
				INFOPLIST_KEY_UILaunchStoryboardName = LaunchScreen;
				INFOPLIST_KEY_UIStatusBarStyle = UIStatusBarStyleDarkContent;
				INFOPLIST_KEY_UISupportedInterfaceOrientations = "UIInterfaceOrientationLandscapeLeft UIInterfaceOrientationLandscapeRight UIInterfaceOrientationPortrait";
				INFOPLIST_KEY_UISupportedInterfaceOrientations_iPad = "UIInterfaceOrientationLandscapeLeft UIInterfaceOrientationLandscapeRight UIInterfaceOrientationPortrait UIInterfaceOrientationPortraitUpsideDown";
				IPHONEOS_DEPLOYMENT_TARGET = 17.0;
				LD_RUNPATH_SEARCH_PATHS = (
					"$(inherited)",
					"@executable_path/Frameworks",
				);
				MARKETING_VERSION = 2.2.0;
				PRODUCT_BUNDLE_IDENTIFIER = FrizzleM.NightFlix;
				PRODUCT_NAME = "$(TARGET_NAME)";
				PROVISIONING_PROFILE_SPECIFIER = "";
				STRING_CATALOG_GENERATE_SYMBOLS = YES;
				SWIFT_APPROACHABLE_CONCURRENCY = YES;
				SWIFT_DEFAULT_ACTOR_ISOLATION = MainActor;
				SWIFT_EMIT_LOC_STRINGS = YES;
				SWIFT_UPCOMING_FEATURE_MEMBER_IMPORT_VISIBILITY = YES;
				SWIFT_VERSION = 5.0;
				TARGETED_DEVICE_FAMILY = "1,2";
			};
			name = Debug;
		};
		D330C5082FC313960074B506 /* Release */ = {
			isa = XCBuildConfiguration;
			buildSettings = {
				ASSETCATALOG_COMPILER_APPICON_NAME = AppIcon;
				ASSETCATALOG_COMPILER_GLOBAL_ACCENT_COLOR_NAME = AccentColor;
				CODE_SIGN_IDENTITY = "Apple Development";
				CODE_SIGN_STYLE = Automatic;
				CURRENT_PROJECT_VERSION = 1;
				DEVELOPMENT_TEAM = X53M69UJ7U;
				ENABLE_PREVIEWS = YES;
				GENERATE_INFOPLIST_FILE = YES;
				INFOPLIST_KEY_CFBundleDisplayName = Nightflix;
				INFOPLIST_KEY_LSApplicationCategoryType = "public.app-category.entertainment";
				INFOPLIST_KEY_UIApplicationSceneManifest_Generation = YES;
				INFOPLIST_KEY_UIApplicationSupportsIndirectInputEvents = YES;
				INFOPLIST_KEY_UILaunchStoryboardName = LaunchScreen;
				INFOPLIST_KEY_UIStatusBarStyle = UIStatusBarStyleDarkContent;
				INFOPLIST_KEY_UISupportedInterfaceOrientations = "UIInterfaceOrientationLandscapeLeft UIInterfaceOrientationLandscapeRight UIInterfaceOrientationPortrait";
				INFOPLIST_KEY_UISupportedInterfaceOrientations_iPad = "UIInterfaceOrientationLandscapeLeft UIInterfaceOrientationLandscapeRight UIInterfaceOrientationPortrait UIInterfaceOrientationPortraitUpsideDown";
				IPHONEOS_DEPLOYMENT_TARGET = 17.0;
				LD_RUNPATH_SEARCH_PATHS = (
					"$(inherited)",
					"@executable_path/Frameworks",
				);
				MARKETING_VERSION = 2.2.0;
				PRODUCT_BUNDLE_IDENTIFIER = FrizzleM.NightFlix;
				PRODUCT_NAME = "$(TARGET_NAME)";
				PROVISIONING_PROFILE_SPECIFIER = "";
				STRING_CATALOG_GENERATE_SYMBOLS = YES;
				SWIFT_APPROACHABLE_CONCURRENCY = YES;
				SWIFT_DEFAULT_ACTOR_ISOLATION = MainActor;
				SWIFT_EMIT_LOC_STRINGS = YES;
				SWIFT_UPCOMING_FEATURE_MEMBER_IMPORT_VISIBILITY = YES;
				SWIFT_VERSION = 5.0;
				TARGETED_DEVICE_FAMILY = "1,2";
			};
			name = Release;
		};
/* End XCBuildConfiguration section */

/* Begin XCConfigurationList section */
		D330C4F62FC313950074B506 /* Build configuration list for PBXProject "NightFlix" */ = {
			isa = XCConfigurationList;
			buildConfigurations = (
				D330C5042FC313960074B506 /* Debug */,
				D330C5052FC313960074B506 /* Release */,
			);
			defaultConfigurationIsVisible = 0;
			defaultConfigurationName = Release;
		};
		D330C5062FC313960074B506 /* Build configuration list for PBXNativeTarget "NightFlix" */ = {
			isa = XCConfigurationList;
			buildConfigurations = (
				D330C5072FC313960074B506 /* Debug */,
				D330C5082FC313960074B506 /* Release */,
			);
			defaultConfigurationIsVisible = 0;
			defaultConfigurationName = Release;
		};
/* End XCConfigurationList section */
	};
	rootObject = D330C4F32FC313950074B506 /* Project object */;
}
